
Microsoft Visual Studio Solution File, Format Version 12.00
# Visual Studio 15
VisualStudioVersion = 15.0.26430.6
MinimumVisualStudioVersion = 10.0.40219.1
Project("{FAE04EC0-301F-11D3-BF4B-00C04F79EFBC}") = "CustomerManagement", "CustomerManagement\CustomerManagement.csproj", "{6901AAF2-FEE2-4336-A44B-9FCFFE624786}"
EndProject
Project("{2150E333-8FDC-42A3-9474-1A3956D46DE8}") = "Solution Items", "Solution Items", "{FEE833F0-33CF-46AD-8EE5-50D8EFB0C685}"
	ProjectSection(SolutionItems) = preProject
		.a11yrc = .a11yrc
	EndProjectSection
EndProject
Global
	GlobalSection(SolutionConfigurationPlatforms) = preSolution
		Debug|Any CPU = Debug|Any CPU
		Release|Any CPU = Release|Any CPU
	EndGlobalSection
	GlobalSection(ProjectConfigurationPlatforms) = postSolution
		{6901AAF2-FEE2-4336-A44B-9FCFFE624786}.Debug|Any CPU.ActiveCfg = Debug|Any CPU
		{6901AAF2-FEE2-4336-A44B-9FCFFE624786}.Debug|Any CPU.Build.0 = Debug|Any CPU
		{6901AAF2-FEE2-4336-A44B-9FCFFE624786}.Release|Any CPU.ActiveCfg = Release|Any CPU
		{6901AAF2-FEE2-4336-A44B-9FCFFE624786}.Release|Any CPU.Build.0 = Release|Any CPU
	EndGlobalSection
	GlobalSection(SolutionProperties) = preSolution
		HideSolutionNode = FALSE
	EndGlobalSection
EndGlobal
